# THIS IS AN AUTOGENERATED FILE. DO NOT EDIT THIS FILE DIRECTLY.
# yarn lockfile v1


"@types/lodash@^4.14.161":
  version "4.14.161"
  resolved "http://npm.perfma-inc.net:80/@types%2flodash/-/lodash-4.14.161.tgz#a21ca0777dabc6e4f44f3d07f37b765f54188b18"
  integrity sha512-EP6O3Jkr7bXvZZSZYlsgt5DIjiGr0dXP1/jVEwVLTFgg0d+3lWVQkRavYVQszV7dYUwvg0B8R0MBDpcmXg7XIA==

"@types/node@^14.11.8":
  version "14.11.8"
  resolved "http://npm.perfma-inc.net:80/@types%2fnode/-/node-14.11.8.tgz#fe2012f2355e4ce08bca44aeb3abbb21cf88d33f"
  integrity sha512-KPcKqKm5UKDkaYPTuXSx8wEP7vE9GnuaXIZKijwRYcePpZFDVuy2a57LarFKiORbHOuTOOwYzxVxcUzsh2P2Pw==

hasha@^5.2.0:
  version "5.2.0"
  resolved "http://npm.perfma-inc.net:80/hasha/-/hasha-5.2.0.tgz#33094d1f69c40a4a6ac7be53d5fe3ff95a269e0c"
  integrity sha512-2W+jKdQbAdSIrggA8Q35Br8qKadTrqCTC8+XZvBWepKDK6m9XkX6Iz1a2yh2KP01kzAR/dpuMeUnocoLYDcskw==
  dependencies:
    is-stream "^2.0.0"
    type-fest "^0.8.0"

is-stream@^2.0.0:
  version "2.0.0"
  resolved "http://npm.perfma-inc.net:80/is-stream/-/is-stream-2.0.0.tgz#bde9c32680d6fae04129d6ac9d921ce7815f78e3"
  integrity sha512-XCoy+WlUr7d1+Z8GgSuXmpuUFC9fOhRXglJMx+dwLKTkL44Cjd4W1Z5P+BQZpr+cR93aGP4S/s7Ftw6Nd/kiEw==

jqgram@^0.2.5:
  version "0.2.5"
  resolved "http://npm.perfma-inc.net:80/jqgram/-/jqgram-0.2.5.tgz#3a1073cab349d6aeddca089899210d400129dc89"
  integrity sha1-OhBzyrNJ1q7dygiYmSENQAEp3Ik=
  dependencies:
    node-clone "~0.1.1"
    setimmediate "~1.0.1"

lodash@^4.17.20:
  version "4.17.20"
  resolved "http://npm.perfma-inc.net:80/lodash/-/lodash-4.17.20.tgz#b44a9b6297bcb698f1c51a3545a2b3b368d59c52"
  integrity sha512-PlhdFcillOINfeV7Ni6oF1TAEayyZBoZ8bcshTHqOYJYlrqzRK5hagpagky5o4HfCzzd1TRkXPMFq6cKk9rGmA==

node-clone@~0.1.1:
  version "0.1.1"
  resolved "http://npm.perfma-inc.net:80/node-clone/-/node-clone-0.1.1.tgz#3c57e4c1eadd3014d38ec4c3a807ed777653a17c"
  integrity sha1-PFfkwerdMBTTjsTDqAftd3ZToXw=

setimmediate@~1.0.1:
  version "1.0.5"
  resolved "http://npm.perfma-inc.net:80/setimmediate/-/setimmediate-1.0.5.tgz#290cbb232e306942d7d7ea9b83732ab7856f8285"
  integrity sha1-KQy7Iy4waULX1+qbg3Mqt4VvgoU=

string-similarity@^4.0.2:
  version "4.0.2"
  resolved "http://npm.perfma-inc.net:80/string-similarity/-/string-similarity-4.0.2.tgz#1dc29518d0e92e50509499ce2974368f77bbb1b1"
  integrity sha512-eCsPPyoQBgY4TMpVD6DVfO7pLrimUONriaO4Xjp3WPUW0YnNLqdHgRj23xotLlqrL90eJhBeq3zdAJf2mQgfBQ==

type-fest@^0.8.0:
  version "0.8.1"
  resolved "http://npm.perfma-inc.net:80/type-fest/-/type-fest-0.8.1.tgz#09e249ebde851d3b1e48d27c105444667f17b83d"
  integrity sha512-4dbzIzqvjtgiM5rw1k5rEHtBANKmdudhGyBEajN01fEyhaAIhsoKNy6y7+IN93IfpFtwY9iqi7kD+xwKhQsNJA==
